
Microsoft Visual Studio Solution File, Format Version 12.00
# Visual Studio Version 16
VisualStudioVersion = 16.0.31605.320
MinimumVisualStudioVersion = 10.0.40219.1
Project("{FAE04EC0-301F-11D3-BF4B-00C04F79EFBC}") = "EjercicioElectrodomesticos", "EjercicioElectrodomesticos\EjercicioElectrodomesticos.csproj", "{6A165451-608B-44B9-9F1E-40DAF0080750}"
EndProject
Global
	GlobalSection(SolutionConfigurationPlatforms) = preSolution
		Debug|Any CPU = Debug|Any CPU
		Release|Any CPU = Release|Any CPU
	EndGlobalSection
	GlobalSection(ProjectConfigurationPlatforms) = postSolution
		{6A165451-608B-44B9-9F1E-40DAF0080750}.Debug|Any CPU.ActiveCfg = Debug|Any CPU
		{6A165451-608B-44B9-9F1E-40DAF0080750}.Debug|Any CPU.Build.0 = Debug|Any CPU
		{6A165451-608B-44B9-9F1E-40DAF0080750}.Release|Any CPU.ActiveCfg = Release|Any CPU
		{6A165451-608B-44B9-9F1E-40DAF0080750}.Release|Any CPU.Build.0 = Release|Any CPU
	EndGlobalSection
	GlobalSection(SolutionProperties) = preSolution
		HideSolutionNode = FALSE
	EndGlobalSection
	GlobalSection(ExtensibilityGlobals) = postSolution
		SolutionGuid = {DAFBCDC4-868B-4409-8AB1-A20BD45C374F}
	EndGlobalSection
EndGlobal
