
Microsoft Visual Studio Solution File, Format Version 12.00
# Visual Studio Version 16
VisualStudioVersion = 16.0.31605.320
MinimumVisualStudioVersion = 10.0.40219.1
Project("{FAE04EC0-301F-11D3-BF4B-00C04F79EFBC}") = "DesafioHerencia", "DesafioHerencia\DesafioHerencia.csproj", "{CEC5AFA6-FF40-452B-A2D4-711510B32ECA}"
EndProject
Global
	GlobalSection(SolutionConfigurationPlatforms) = preSolution
		Debug|Any CPU = Debug|Any CPU
		Release|Any CPU = Release|Any CPU
	EndGlobalSection
	GlobalSection(ProjectConfigurationPlatforms) = postSolution
		{CEC5AFA6-FF40-452B-A2D4-711510B32ECA}.Debug|Any CPU.ActiveCfg = Debug|Any CPU
		{CEC5AFA6-FF40-452B-A2D4-711510B32ECA}.Debug|Any CPU.Build.0 = Debug|Any CPU
		{CEC5AFA6-FF40-452B-A2D4-711510B32ECA}.Release|Any CPU.ActiveCfg = Release|Any CPU
		{CEC5AFA6-FF40-452B-A2D4-711510B32ECA}.Release|Any CPU.Build.0 = Release|Any CPU
	EndGlobalSection
	GlobalSection(SolutionProperties) = preSolution
		HideSolutionNode = FALSE
	EndGlobalSection
	GlobalSection(ExtensibilityGlobals) = postSolution
		SolutionGuid = {033221A8-6CF1-4F40-9350-6E0D5F34FC45}
	EndGlobalSection
EndGlobal
