
Microsoft Visual Studio Solution File, Format Version 12.00
# Visual Studio Version 16
VisualStudioVersion = 16.0.31605.320
MinimumVisualStudioVersion = 10.0.40219.1
Project("{FAE04EC0-301F-11D3-BF4B-00C04F79EFBC}") = "DesafioClase9", "DesafioClase9\DesafioClase9.csproj", "{B062FCE3-FF77-433E-A2DA-65D7E77D9DEF}"
EndProject
Global
	GlobalSection(SolutionConfigurationPlatforms) = preSolution
		Debug|Any CPU = Debug|Any CPU
		Release|Any CPU = Release|Any CPU
	EndGlobalSection
	GlobalSection(ProjectConfigurationPlatforms) = postSolution
		{B062FCE3-FF77-433E-A2DA-65D7E77D9DEF}.Debug|Any CPU.ActiveCfg = Debug|Any CPU
		{B062FCE3-FF77-433E-A2DA-65D7E77D9DEF}.Debug|Any CPU.Build.0 = Debug|Any CPU
		{B062FCE3-FF77-433E-A2DA-65D7E77D9DEF}.Release|Any CPU.ActiveCfg = Release|Any CPU
		{B062FCE3-FF77-433E-A2DA-65D7E77D9DEF}.Release|Any CPU.Build.0 = Release|Any CPU
	EndGlobalSection
	GlobalSection(SolutionProperties) = preSolution
		HideSolutionNode = FALSE
	EndGlobalSection
	GlobalSection(ExtensibilityGlobals) = postSolution
		SolutionGuid = {BDCF41F0-D59C-425B-BE70-2145EA24D206}
	EndGlobalSection
EndGlobal
